
Microsoft Visual Studio Solution File, Format Version 12.00
# Visual Studio 15
VisualStudioVersion = 15.0.28307.329
MinimumVisualStudioVersion = 10.0.40219.1
Project("{FAE04EC0-301F-11D3-BF4B-00C04F79EFBC}") = "mdbDatabase", "mdbDatabase\mdbDatabase.csproj", "{1CE5B3F1-6F30-4F71-94D5-83C905D2B61D}"
EndProject
Global
	GlobalSection(SolutionConfigurationPlatforms) = preSolution
		Debug|Any CPU = Debug|Any CPU
		Release|Any CPU = Release|Any CPU
	EndGlobalSection
	GlobalSection(ProjectConfigurationPlatforms) = postSolution
		{1CE5B3F1-6F30-4F71-94D5-83C905D2B61D}.Debug|Any CPU.ActiveCfg = Debug|Any CPU
		{1CE5B3F1-6F30-4F71-94D5-83C905D2B61D}.Debug|Any CPU.Build.0 = Debug|Any CPU
		{1CE5B3F1-6F30-4F71-94D5-83C905D2B61D}.Release|Any CPU.ActiveCfg = Release|Any CPU
		{1CE5B3F1-6F30-4F71-94D5-83C905D2B61D}.Release|Any CPU.Build.0 = Release|Any CPU
	EndGlobalSection
	GlobalSection(SolutionProperties) = preSolution
		HideSolutionNode = FALSE
	EndGlobalSection
	GlobalSection(ExtensibilityGlobals) = postSolution
		SolutionGuid = {7C71DE16-218D-410D-81FE-B7FBD70449FB}
	EndGlobalSection
EndGlobal
